
Microsoft Visual Studio Solution File, Format Version 12.00
# Visual Studio Version 17
VisualStudioVersion = 17.6.33927.249
MinimumVisualStudioVersion = 10.0.40219.1
Project("{FAE04EC0-301F-11D3-BF4B-00C04F79EFBC}") = "CamundaState", "CamundaState\CamundaState.csproj", "{6640AF94-B8CC-42FF-B4ED-22C17B6A9583}"
EndProject
Project("{E53339B2-1760-4266-BCC7-CA923CBCF16C}") = "docker-compose", "docker-compose.dcproj", "{153D28A6-7722-4508-8228-3E1D27FB3070}"
EndProject
Global
	GlobalSection(SolutionConfigurationPlatforms) = preSolution
		Debug|Any CPU = Debug|Any CPU
		Release|Any CPU = Release|Any CPU
	EndGlobalSection
	GlobalSection(ProjectConfigurationPlatforms) = postSolution
		{6640AF94-B8CC-42FF-B4ED-22C17B6A9583}.Debug|Any CPU.ActiveCfg = Debug|Any CPU
		{6640AF94-B8CC-42FF-B4ED-22C17B6A9583}.Debug|Any CPU.Build.0 = Debug|Any CPU
		{6640AF94-B8CC-42FF-B4ED-22C17B6A9583}.Release|Any CPU.ActiveCfg = Release|Any CPU
		{6640AF94-B8CC-42FF-B4ED-22C17B6A9583}.Release|Any CPU.Build.0 = Release|Any CPU
		{153D28A6-7722-4508-8228-3E1D27FB3070}.Debug|Any CPU.ActiveCfg = Debug|Any CPU
		{153D28A6-7722-4508-8228-3E1D27FB3070}.Debug|Any CPU.Build.0 = Debug|Any CPU
		{153D28A6-7722-4508-8228-3E1D27FB3070}.Release|Any CPU.ActiveCfg = Release|Any CPU
		{153D28A6-7722-4508-8228-3E1D27FB3070}.Release|Any CPU.Build.0 = Release|Any CPU
	EndGlobalSection
	GlobalSection(SolutionProperties) = preSolution
		HideSolutionNode = FALSE
	EndGlobalSection
	GlobalSection(ExtensibilityGlobals) = postSolution
		SolutionGuid = {C00A6E93-A07E-4693-9149-7C39BABFB06E}
	EndGlobalSection
EndGlobal
